// !$*UTF8*$!
{
	archiveVersion = 1;
	classes = {
	};
	objectVersion = 77;
	objects = {

/* Begin PBXBuildFile section */
		2B9144CA2F089D0400BD35DB /* Music in Resources */ = {isa = PBXBuildFile; fileRef = 2B9144C62F089D0400BD35DB /* Music */; };
		2B9144CB2F089D0400BD35DB /* Spirals in Resources */ = {isa = PBXBuildFile; fileRef = 2B9144C72F089D0400BD35DB /* Spirals */; };
		2B9144CC2F089D0400BD35DB /* Images in Resources */ = {isa = PBXBuildFile; fileRef = 2B9144C82F089D0400BD35DB /* Images */; };
		2B9144CD2F089D0400BD35DB /* Configs in Resources */ = {isa = PBXBuildFile; fileRef = 2B9144C92F089D0400BD35DB /* Configs */; };
/* End PBXBuildFile section */

/* Begin PBXContainerItemProxy section */
		2BF4E22C2F0881DC002AFB9C /* PBXContainerItemProxy */ = {
			isa = PBXContainerItemProxy;
			containerPortal = 2BF4E2142F0881DA002AFB9C /* Project object */;
			proxyType = 1;
			remoteGlobalIDString = 2BF4E21B2F0881DB002AFB9C;
			remoteInfo = HypnoticSpiral;
		};
		2BF4E2362F0881DC002AFB9C /* PBXContainerItemProxy */ = {
			isa = PBXContainerItemProxy;
			containerPortal = 2BF4E2142F0881DA002AFB9C /* Project object */;
			proxyType = 1;
			remoteGlobalIDString = 2BF4E21B2F0881DB002AFB9C;
			remoteInfo = HypnoticSpiral;
		};
/* End PBXContainerItemProxy section */

/* Begin PBXFileReference section */
		2B9144C62F089D0400BD35DB /* Music */ = {isa = PBXFileReference; lastKnownFileType = folder; name = Music; path = Shared/Resources/Music; sourceTree = "<group>"; };
		2B9144C72F089D0400BD35DB /* Spirals */ = {isa = PBXFileReference; lastKnownFileType = folder; name = Spirals; path = Shared/Resources/Spirals; sourceTree = "<group>"; };
		2B9144C82F089D0400BD35DB /* Images */ = {isa = PBXFileReference; lastKnownFileType = folder; name = Images; path = Shared/Resources/Images; sourceTree = "<group>"; };
		2B9144C92F089D0400BD35DB /* Configs */ = {isa = PBXFileReference; lastKnownFileType = folder; name = Configs; path = Shared/Resources/Configs; sourceTree = "<group>"; };
		2BF4E21C2F0881DB002AFB9C /* Ensorcele.app */ = {isa = PBXFileReference; explicitFileType = wrapper.application; includeInIndex = 0; path = Ensorcele.app; sourceTree = BUILT_PRODUCTS_DIR; };
		2BF4E22B2F0881DC002AFB9C /* HypnoticSpiralTests.xctest */ = {isa = PBXFileReference; explicitFileType = wrapper.cfbundle; includeInIndex = 0; path = HypnoticSpiralTests.xctest; sourceTree = BUILT_PRODUCTS_DIR; };
		2BF4E2352F0881DC002AFB9C /* HypnoticSpiralUITests.xctest */ = {isa = PBXFileReference; explicitFileType = wrapper.cfbundle; includeInIndex = 0; path = HypnoticSpiralUITests.xctest; sourceTree = BUILT_PRODUCTS_DIR; };
/* End PBXFileReference section */

/* Begin PBXFileSystemSynchronizedRootGroup section */
		2BF4E21E2F0881DB002AFB9C /* HypnoticSpiral */ = {
			isa = PBXFileSystemSynchronizedRootGroup;
			path = HypnoticSpiral;
			sourceTree = "<group>";
		};
		2BF4E22E2F0881DC002AFB9C /* HypnoticSpiralTests */ = {
			isa = PBXFileSystemSynchronizedRootGroup;
			path = HypnoticSpiralTests;
			sourceTree = "<group>";
		};
		2BF4E2382F0881DC002AFB9C /* HypnoticSpiralUITests */ = {
			isa = PBXFileSystemSynchronizedRootGroup;
			path = HypnoticSpiralUITests;
			sourceTree = "<group>";
		};
/* End PBXFileSystemSynchronizedRootGroup section */

/* Begin PBXFrameworksBuildPhase section */
		2BF4E2192F0881DB002AFB9C /* Frameworks */ = {
			isa = PBXFrameworksBuildPhase;
			buildActionMask = 2147483647;
			files = (
			);
			runOnlyForDeploymentPostprocessing = 0;
		};
		2BF4E2282F0881DC002AFB9C /* Frameworks */ = {
			isa = PBXFrameworksBuildPhase;
			buildActionMask = 2147483647;
			files = (
			);
			runOnlyForDeploymentPostprocessing = 0;
		};
		2BF4E2322F0881DC002AFB9C /* Frameworks */ = {
			isa = PBXFrameworksBuildPhase;
			buildActionMask = 2147483647;
			files = (
			);
			runOnlyForDeploymentPostprocessing = 0;
		};
/* End PBXFrameworksBuildPhase section */

/* Begin PBXGroup section */
		2BF4E2132F0881DA002AFB9C = {
			isa = PBXGroup;
			children = (
				2B9144C92F089D0400BD35DB /* Configs */,
				2B9144C82F089D0400BD35DB /* Images */,
				2B9144C62F089D0400BD35DB /* Music */,
				2B9144C72F089D0400BD35DB /* Spirals */,
				2BF4E21E2F0881DB002AFB9C /* HypnoticSpiral */,
				2BF4E22E2F0881DC002AFB9C /* HypnoticSpiralTests */,
				2BF4E2382F0881DC002AFB9C /* HypnoticSpiralUITests */,
				2BF4E21D2F0881DB002AFB9C /* Products */,
			);
			sourceTree = "<group>";
		};
		2BF4E21D2F0881DB002AFB9C /* Products */ = {
			isa = PBXGroup;
			children = (
				2BF4E21C2F0881DB002AFB9C /* Ensorcele.app */,
				2BF4E22B2F0881DC002AFB9C /* HypnoticSpiralTests.xctest */,
				2BF4E2352F0881DC002AFB9C /* HypnoticSpiralUITests.xctest */,
			);
			name = Products;
			sourceTree = "<group>";
		};
/* End PBXGroup section */

/* Begin PBXNativeTarget section */
		2BF4E21B2F0881DB002AFB9C /* Ensorcele */ = {
			isa = PBXNativeTarget;
			buildConfigurationList = 2BF4E23F2F0881DC002AFB9C /* Build configuration list for PBXNativeTarget "Ensorcele" */;
			buildPhases = (
				2BF4E2182F0881DB002AFB9C /* Sources */,
				2BF4E2192F0881DB002AFB9C /* Frameworks */,
				2BF4E21A2F0881DB002AFB9C /* Resources */,
			);
			buildRules = (
			);
			dependencies = (
			);
			fileSystemSynchronizedGroups = (
				2BF4E21E2F0881DB002AFB9C /* HypnoticSpiral */,
			);
			name = Ensorcele;
			packageProductDependencies = (
			);
			productName = HypnoticSpiral;
			productReference = 2BF4E21C2F0881DB002AFB9C /* Ensorcele.app */;
			productType = "com.apple.product-type.application";
		};
		2BF4E22A2F0881DC002AFB9C /* HypnoticSpiralTests */ = {
			isa = PBXNativeTarget;
			buildConfigurationList = 2BF4E2422F0881DC002AFB9C /* Build configuration list for PBXNativeTarget "HypnoticSpiralTests" */;
			buildPhases = (
				2BF4E2272F0881DC002AFB9C /* Sources */,
				2BF4E2282F0881DC002AFB9C /* Frameworks */,
				2BF4E2292F0881DC002AFB9C /* Resources */,
			);
			buildRules = (
			);
			dependencies = (
				2BF4E22D2F0881DC002AFB9C /* PBXTargetDependency */,
			);
			fileSystemSynchronizedGroups = (
				2BF4E22E2F0881DC002AFB9C /* HypnoticSpiralTests */,
			);
			name = HypnoticSpiralTests;
			packageProductDependencies = (
			);
			productName = HypnoticSpiralTests;
			productReference = 2BF4E22B2F0881DC002AFB9C /* HypnoticSpiralTests.xctest */;
			productType = "com.apple.product-type.bundle.unit-test";
		};
		2BF4E2342F0881DC002AFB9C /* HypnoticSpiralUITests */ = {
			isa = PBXNativeTarget;
			buildConfigurationList = 2BF4E2452F0881DC002AFB9C /* Build configuration list for PBXNativeTarget "HypnoticSpiralUITests" */;
			buildPhases = (
				2BF4E2312F0881DC002AFB9C /* Sources */,
				2BF4E2322F0881DC002AFB9C /* Frameworks */,
				2BF4E2332F0881DC002AFB9C /* Resources */,
			);
			buildRules = (
			);
			dependencies = (
				2BF4E2372F0881DC002AFB9C /* PBXTargetDependency */,
			);
			fileSystemSynchronizedGroups = (
				2BF4E2382F0881DC002AFB9C /* HypnoticSpiralUITests */,
			);
			name = HypnoticSpiralUITests;
			packageProductDependencies = (
			);
			productName = HypnoticSpiralUITests;
			productReference = 2BF4E2352F0881DC002AFB9C /* HypnoticSpiralUITests.xctest */;
			productType = "com.apple.product-type.bundle.ui-testing";
		};
/* End PBXNativeTarget section */

/* Begin PBXProject section */
		2BF4E2142F0881DA002AFB9C /* Project object */ = {
			isa = PBXProject;
			attributes = {
				BuildIndependentTargetsInParallel = 1;
				LastSwiftUpdateCheck = 2620;
				LastUpgradeCheck = 2620;
				TargetAttributes = {
					2BF4E21B2F0881DB002AFB9C = {
						CreatedOnToolsVersion = 26.2;
					};
					2BF4E22A2F0881DC002AFB9C = {
						CreatedOnToolsVersion = 26.2;
						TestTargetID = 2BF4E21B2F0881DB002AFB9C;
					};
					2BF4E2342F0881DC002AFB9C = {
						CreatedOnToolsVersion = 26.2;
						TestTargetID = 2BF4E21B2F0881DB002AFB9C;
					};
				};
			};
			buildConfigurationList = 2BF4E2172F0881DA002AFB9C /* Build configuration list for PBXProject "HypnoticSpiral" */;
			developmentRegion = en;
			hasScannedForEncodings = 0;
			knownRegions = (
				en,
				Base,
			);
			mainGroup = 2BF4E2132F0881DA002AFB9C;
			minimizedProjectReferenceProxies = 1;
			preferredProjectObjectVersion = 77;
			productRefGroup = 2BF4E21D2F0881DB002AFB9C /* Products */;
			projectDirPath = "";
			projectRoot = "";
			targets = (
				2BF4E21B2F0881DB002AFB9C /* Ensorcele */,
				2BF4E22A2F0881DC002AFB9C /* HypnoticSpiralTests */,
				2BF4E2342F0881DC002AFB9C /* HypnoticSpiralUITests */,
			);
		};
/* End PBXProject section */

/* Begin PBXResourcesBuildPhase section */
		2BF4E21A2F0881DB002AFB9C /* Resources */ = {
			isa = PBXResourcesBuildPhase;
			buildActionMask = 2147483647;
			files = (
				2B9144CA2F089D0400BD35DB /* Music in Resources */,
				2B9144CB2F089D0400BD35DB /* Spirals in Resources */,
				2B9144CC2F089D0400BD35DB /* Images in Resources */,
				2B9144CD2F089D0400BD35DB /* Configs in Resources */,
			);
			runOnlyForDeploymentPostprocessing = 0;
		};
		2BF4E2292F0881DC002AFB9C /* Resources */ = {
			isa = PBXResourcesBuildPhase;
			buildActionMask = 2147483647;
			files = (
			);
			runOnlyForDeploymentPostprocessing = 0;
		};
		2BF4E2332F0881DC002AFB9C /* Resources */ = {
			isa = PBXResourcesBuildPhase;
			buildActionMask = 2147483647;
			files = (
			);
			runOnlyForDeploymentPostprocessing = 0;
		};
/* End PBXResourcesBuildPhase section */

/* Begin PBXSourcesBuildPhase section */
		2BF4E2182F0881DB002AFB9C /* Sources */ = {
			isa = PBXSourcesBuildPhase;
			buildActionMask = 2147483647;
			files = (
			);
			runOnlyForDeploymentPostprocessing = 0;
		};
		2BF4E2272F0881DC002AFB9C /* Sources */ = {
			isa = PBXSourcesBuildPhase;
			buildActionMask = 2147483647;
			files = (
			);
			runOnlyForDeploymentPostprocessing = 0;
		};
		2BF4E2312F0881DC002AFB9C /* Sources */ = {
			isa = PBXSourcesBuildPhase;
			buildActionMask = 2147483647;
			files = (
			);
			runOnlyForDeploymentPostprocessing = 0;
		};
/* End PBXSourcesBuildPhase section */

/* Begin PBXTargetDependency section */
		2BF4E22D2F0881DC002AFB9C /* PBXTargetDependency */ = {
			isa = PBXTargetDependency;
			target = 2BF4E21B2F0881DB002AFB9C /* Ensorcele */;
			targetProxy = 2BF4E22C2F0881DC002AFB9C /* PBXContainerItemProxy */;
		};
		2BF4E2372F0881DC002AFB9C /* PBXTargetDependency */ = {
			isa = PBXTargetDependency;
			target = 2BF4E21B2F0881DB002AFB9C /* Ensorcele */;
			targetProxy = 2BF4E2362F0881DC002AFB9C /* PBXContainerItemProxy */;
		};
/* End PBXTargetDependency section */

/* Begin XCBuildConfiguration section */
		2BF4E23D2F0881DC002AFB9C /* Debug */ = {
			isa = XCBuildConfiguration;
			buildSettings = {
				ALWAYS_SEARCH_USER_PATHS = NO;
				ASSETCATALOG_COMPILER_GENERATE_SWIFT_ASSET_SYMBOL_EXTENSIONS = YES;
				CLANG_ANALYZER_NONNULL = YES;
				CLANG_ANALYZER_NUMBER_OBJECT_CONVERSION = YES_AGGRESSIVE;
				CLANG_CXX_LANGUAGE_STANDARD = "gnu++20";
				CLANG_ENABLE_MODULES = YES;
				CLANG_ENABLE_OBJC_ARC = YES;
				CLANG_ENABLE_OBJC_WEAK = YES;
				CLANG_WARN_BLOCK_CAPTURE_AUTORELEASING = YES;
				CLANG_WARN_BOOL_CONVERSION = YES;
				CLANG_WARN_COMMA = YES;
				CLANG_WARN_CONSTANT_CONVERSION = YES;
				CLANG_WARN_DEPRECATED_OBJC_IMPLEMENTATIONS = YES;
				CLANG_WARN_DIRECT_OBJC_ISA_USAGE = YES_ERROR;
				CLANG_WARN_DOCUMENTATION_COMMENTS = YES;
				CLANG_WARN_EMPTY_BODY = YES;
				CLANG_WARN_ENUM_CONVERSION = YES;
				CLANG_WARN_INFINITE_RECURSION = YES;
				CLANG_WARN_INT_CONVERSION = YES;
				CLANG_WARN_NON_LITERAL_NULL_CONVERSION = YES;
				CLANG_WARN_OBJC_IMPLICIT_RETAIN_SELF = YES;
				CLANG_WARN_OBJC_LITERAL_CONVERSION = YES;
				CLANG_WARN_OBJC_ROOT_CLASS = YES_ERROR;
				CLANG_WARN_QUOTED_INCLUDE_IN_FRAMEWORK_HEADER = YES;
				CLANG_WARN_RANGE_LOOP_ANALYSIS = YES;
				CLANG_WARN_STRICT_PROTOTYPES = YES;
				CLANG_WARN_SUSPICIOUS_MOVE = YES;
				CLANG_WARN_UNGUARDED_AVAILABILITY = YES_AGGRESSIVE;
				CLANG_WARN_UNREACHABLE_CODE = YES;
				CLANG_WARN__DUPLICATE_METHOD_MATCH = YES;
				COPY_PHASE_STRIP = NO;
				DEBUG_INFORMATION_FORMAT = dwarf;
				ENABLE_STRICT_OBJC_MSGSEND = YES;
				ENABLE_TESTABILITY = YES;
				ENABLE_USER_SCRIPT_SANDBOXING = YES;
				GCC_C_LANGUAGE_STANDARD = gnu17;
				GCC_DYNAMIC_NO_PIC = NO;
				GCC_NO_COMMON_BLOCKS = YES;
				GCC_OPTIMIZATION_LEVEL = 0;
				GCC_PREPROCESSOR_DEFINITIONS = (
					"DEBUG=1",
					"$(inherited)",
				);
				GCC_WARN_64_TO_32_BIT_CONVERSION = YES;
				GCC_WARN_ABOUT_RETURN_TYPE = YES_ERROR;
				GCC_WARN_UNDECLARED_SELECTOR = YES;
				GCC_WARN_UNINITIALIZED_AUTOS = YES_AGGRESSIVE;
				GCC_WARN_UNUSED_FUNCTION = YES;
				GCC_WARN_UNUSED_VARIABLE = YES;
				LOCALIZATION_PREFERS_STRING_CATALOGS = YES;
				MTL_ENABLE_DEBUG_INFO = INCLUDE_SOURCE;
				MTL_FAST_MATH = YES;
				ONLY_ACTIVE_ARCH = YES;
				SWIFT_ACTIVE_COMPILATION_CONDITIONS = "DEBUG $(inherited)";
				SWIFT_OPTIMIZATION_LEVEL = "-Onone";
			};
			name = Debug;
		};
		2BF4E23E2F0881DC002AFB9C /* Release */ = {
			isa = XCBuildConfiguration;
			buildSettings = {
				ALWAYS_SEARCH_USER_PATHS = NO;
				ASSETCATALOG_COMPILER_GENERATE_SWIFT_ASSET_SYMBOL_EXTENSIONS = YES;
				CLANG_ANALYZER_NONNULL = YES;
				CLANG_ANALYZER_NUMBER_OBJECT_CONVERSION = YES_AGGRESSIVE;
				CLANG_CXX_LANGUAGE_STANDARD = "gnu++20";
				CLANG_ENABLE_MODULES = YES;
				CLANG_ENABLE_OBJC_ARC = YES;
				CLANG_ENABLE_OBJC_WEAK = YES;
				CLANG_WARN_BLOCK_CAPTURE_AUTORELEASING = YES;
				CLANG_WARN_BOOL_CONVERSION = YES;
				CLANG_WARN_COMMA = YES;
				CLANG_WARN_CONSTANT_CONVERSION = YES;
				CLANG_WARN_DEPRECATED_OBJC_IMPLEMENTATIONS = YES;
				CLANG_WARN_DIRECT_OBJC_ISA_USAGE = YES_ERROR;
				CLANG_WARN_DOCUMENTATION_COMMENTS = YES;
				CLANG_WARN_EMPTY_BODY = YES;
				CLANG_WARN_ENUM_CONVERSION = YES;
				CLANG_WARN_INFINITE_RECURSION = YES;
				CLANG_WARN_INT_CONVERSION = YES;
				CLANG_WARN_NON_LITERAL_NULL_CONVERSION = YES;
				CLANG_WARN_OBJC_IMPLICIT_RETAIN_SELF = YES;
				CLANG_WARN_OBJC_LITERAL_CONVERSION = YES;
				CLANG_WARN_OBJC_ROOT_CLASS = YES_ERROR;
				CLANG_WARN_QUOTED_INCLUDE_IN_FRAMEWORK_HEADER = YES;
				CLANG_WARN_RANGE_LOOP_ANALYSIS = YES;
				CLANG_WARN_STRICT_PROTOTYPES = YES;
				CLANG_WARN_SUSPICIOUS_MOVE = YES;
				CLANG_WARN_UNGUARDED_AVAILABILITY = YES_AGGRESSIVE;
				CLANG_WARN_UNREACHABLE_CODE = YES;
				CLANG_WARN__DUPLICATE_METHOD_MATCH = YES;
				COPY_PHASE_STRIP = NO;
				DEBUG_INFORMATION_FORMAT = "dwarf-with-dsym";
				ENABLE_NS_ASSERTIONS = NO;
				ENABLE_STRICT_OBJC_MSGSEND = YES;
				ENABLE_USER_SCRIPT_SANDBOXING = YES;
				GCC_C_LANGUAGE_STANDARD = gnu17;
				GCC_NO_COMMON_BLOCKS = YES;
				GCC_WARN_64_TO_32_BIT_CONVERSION = YES;
				GCC_WARN_ABOUT_RETURN_TYPE = YES_ERROR;
				GCC_WARN_UNDECLARED_SELECTOR = YES;
				GCC_WARN_UNINITIALIZED_AUTOS = YES_AGGRESSIVE;
				GCC_WARN_UNUSED_FUNCTION = YES;
				GCC_WARN_UNUSED_VARIABLE = YES;
				LOCALIZATION_PREFERS_STRING_CATALOGS = YES;
				MTL_ENABLE_DEBUG_INFO = NO;
				MTL_FAST_MATH = YES;
				SWIFT_COMPILATION_MODE = wholemodule;
			};
			name = Release;
		};
		2BF4E2402F0881DC002AFB9C /* Debug */ = {
			isa = XCBuildConfiguration;
			buildSettings = {
				ASSETCATALOG_COMPILER_APPICON_NAME = AppIcon;
				ASSETCATALOG_COMPILER_GLOBAL_ACCENT_COLOR_NAME = AccentColor;
				ASSETCATALOG_COMPILER_INCLUDE_ALL_APPICON_ASSETS = NO;
				"CODE_SIGN_IDENTITY[sdk=macosx*]" = "Apple Development";
				CODE_SIGN_STYLE = Automatic;
				CURRENT_PROJECT_VERSION = 1;
				DEVELOPMENT_TEAM = ZLT8N883W9;
				ENABLE_APP_SANDBOX = YES;
				ENABLE_INCOMING_NETWORK_CONNECTIONS = NO;
				ENABLE_OUTGOING_NETWORK_CONNECTIONS = NO;
				ENABLE_PREVIEWS = YES;
				ENABLE_RESOURCE_ACCESS_AUDIO_INPUT = NO;
				ENABLE_RESOURCE_ACCESS_BLUETOOTH = NO;
				ENABLE_RESOURCE_ACCESS_CALENDARS = NO;
				ENABLE_RESOURCE_ACCESS_CAMERA = NO;
				ENABLE_RESOURCE_ACCESS_CONTACTS = NO;
				ENABLE_RESOURCE_ACCESS_LOCATION = NO;
				ENABLE_RESOURCE_ACCESS_PRINTING = NO;
				ENABLE_RESOURCE_ACCESS_USB = NO;
				ENABLE_USER_SELECTED_FILES = readonly;
				GENERATE_INFOPLIST_FILE = YES;
				"INFOPLIST_KEY_UIApplicationSceneManifest_Generation[sdk=iphoneos*]" = YES;
				"INFOPLIST_KEY_UIApplicationSceneManifest_Generation[sdk=iphonesimulator*]" = YES;
				"INFOPLIST_KEY_UIApplicationSupportsIndirectInputEvents[sdk=iphoneos*]" = YES;
				"INFOPLIST_KEY_UIApplicationSupportsIndirectInputEvents[sdk=iphonesimulator*]" = YES;
				"INFOPLIST_KEY_UILaunchScreen_Generation[sdk=iphoneos*]" = YES;
				"INFOPLIST_KEY_UILaunchScreen_Generation[sdk=iphonesimulator*]" = YES;
				"INFOPLIST_KEY_UIStatusBarStyle[sdk=iphoneos*]" = UIStatusBarStyleDefault;
				"INFOPLIST_KEY_UIStatusBarStyle[sdk=iphonesimulator*]" = UIStatusBarStyleDefault;
				INFOPLIST_KEY_UISupportedInterfaceOrientations_iPad = "UIInterfaceOrientationPortrait UIInterfaceOrientationPortraitUpsideDown UIInterfaceOrientationLandscapeLeft UIInterfaceOrientationLandscapeRight";
				INFOPLIST_KEY_UISupportedInterfaceOrientations_iPhone = "UIInterfaceOrientationPortrait UIInterfaceOrientationLandscapeLeft UIInterfaceOrientationLandscapeRight";
				IPHONEOS_DEPLOYMENT_TARGET = 26.0;
				LD_RUNPATH_SEARCH_PATHS = "@executable_path/Frameworks";
				"LD_RUNPATH_SEARCH_PATHS[sdk=macosx*]" = "@executable_path/../Frameworks";
				MACOSX_DEPLOYMENT_TARGET = 26.2;
				MARKETING_VERSION = 1.0;
				PRODUCT_BUNDLE_IDENTIFIER = org.arakoslav.HypnoticSpiral;
				PRODUCT_NAME = "$(TARGET_NAME)";
				REGISTER_APP_GROUPS = YES;
				SDKROOT = auto;
				STRING_CATALOG_GENERATE_SYMBOLS = YES;
				SUPPORTED_PLATFORMS = "iphoneos iphonesimulator macosx xros xrsimulator";
				SWIFT_APPROACHABLE_CONCURRENCY = YES;
				SWIFT_DEFAULT_ACTOR_ISOLATION = MainActor;
				SWIFT_EMIT_LOC_STRINGS = YES;
				SWIFT_UPCOMING_FEATURE_MEMBER_IMPORT_VISIBILITY = YES;
				SWIFT_VERSION = 5.0;
				TARGETED_DEVICE_FAMILY = "1,2,7";
				XROS_DEPLOYMENT_TARGET = 26.2;
			};
			name = Debug;
		};
		2BF4E2412F0881DC002AFB9C /* Release */ = {
			isa = XCBuildConfiguration;
			buildSettings = {
				ASSETCATALOG_COMPILER_APPICON_NAME = AppIcon;
				ASSETCATALOG_COMPILER_GLOBAL_ACCENT_COLOR_NAME = AccentColor;
				ASSETCATALOG_COMPILER_INCLUDE_ALL_APPICON_ASSETS = NO;
				"CODE_SIGN_IDENTITY[sdk=macosx*]" = "Apple Development";
				CODE_SIGN_STYLE = Automatic;
				CURRENT_PROJECT_VERSION = 1;
				DEVELOPMENT_TEAM = ZLT8N883W9;
				ENABLE_APP_SANDBOX = YES;
				ENABLE_PREVIEWS = YES;
				ENABLE_USER_SELECTED_FILES = readonly;
				GENERATE_INFOPLIST_FILE = YES;
				"INFOPLIST_KEY_UIApplicationSceneManifest_Generation[sdk=iphoneos*]" = YES;
				"INFOPLIST_KEY_UIApplicationSceneManifest_Generation[sdk=iphonesimulator*]" = YES;
				"INFOPLIST_KEY_UIApplicationSupportsIndirectInputEvents[sdk=iphoneos*]" = YES;
				"INFOPLIST_KEY_UIApplicationSupportsIndirectInputEvents[sdk=iphonesimulator*]" = YES;
				"INFOPLIST_KEY_UILaunchScreen_Generation[sdk=iphoneos*]" = YES;
				"INFOPLIST_KEY_UILaunchScreen_Generation[sdk=iphonesimulator*]" = YES;
				"INFOPLIST_KEY_UIStatusBarStyle[sdk=iphoneos*]" = UIStatusBarStyleDefault;
				"INFOPLIST_KEY_UIStatusBarStyle[sdk=iphonesimulator*]" = UIStatusBarStyleDefault;
				INFOPLIST_KEY_UISupportedInterfaceOrientations_iPad = "UIInterfaceOrientationPortrait UIInterfaceOrientationPortraitUpsideDown UIInterfaceOrientationLandscapeLeft UIInterfaceOrientationLandscapeRight";
				INFOPLIST_KEY_UISupportedInterfaceOrientations_iPhone = "UIInterfaceOrientationPortrait UIInterfaceOrientationLandscapeLeft UIInterfaceOrientationLandscapeRight";
				IPHONEOS_DEPLOYMENT_TARGET = 26.0;
				LD_RUNPATH_SEARCH_PATHS = "@executable_path/Frameworks";
				"LD_RUNPATH_SEARCH_PATHS[sdk=macosx*]" = "@executable_path/../Frameworks";
				MACOSX_DEPLOYMENT_TARGET = 26.2;
				MARKETING_VERSION = 1.0;
				PRODUCT_BUNDLE_IDENTIFIER = org.arakoslav.HypnoticSpiral;
				PRODUCT_NAME = "$(TARGET_NAME)";
				REGISTER_APP_GROUPS = YES;
				SDKROOT = auto;
				STRING_CATALOG_GENERATE_SYMBOLS = YES;
				SUPPORTED_PLATFORMS = "iphoneos iphonesimulator macosx xros xrsimulator";
				SWIFT_APPROACHABLE_CONCURRENCY = YES;
				SWIFT_DEFAULT_ACTOR_ISOLATION = MainActor;
				SWIFT_EMIT_LOC_STRINGS = YES;
				SWIFT_UPCOMING_FEATURE_MEMBER_IMPORT_VISIBILITY = YES;
				SWIFT_VERSION = 5.0;
				TARGETED_DEVICE_FAMILY = "1,2,7";
				XROS_DEPLOYMENT_TARGET = 26.2;
			};
			name = Release;
		};
		2BF4E2432F0881DC002AFB9C /* Debug */ = {
			isa = XCBuildConfiguration;
			buildSettings = {
				BUNDLE_LOADER = "$(TEST_HOST)";
				CODE_SIGN_STYLE = Automatic;
				CURRENT_PROJECT_VERSION = 1;
				GENERATE_INFOPLIST_FILE = YES;
				IPHONEOS_DEPLOYMENT_TARGET = 26.2;
				MACOSX_DEPLOYMENT_TARGET = 26.2;
				MARKETING_VERSION = 1.0;
				PRODUCT_BUNDLE_IDENTIFIER = org.arakoslav.HypnoticSpiralTests;
				PRODUCT_NAME = "$(TARGET_NAME)";
				SDKROOT = auto;
				STRING_CATALOG_GENERATE_SYMBOLS = NO;
				SUPPORTED_PLATFORMS = "iphoneos iphonesimulator macosx xros xrsimulator";
				SWIFT_APPROACHABLE_CONCURRENCY = YES;
				SWIFT_EMIT_LOC_STRINGS = NO;
				SWIFT_UPCOMING_FEATURE_MEMBER_IMPORT_VISIBILITY = YES;
				SWIFT_VERSION = 5.0;
				TARGETED_DEVICE_FAMILY = "1,2,7";
				TEST_HOST = "$(BUILT_PRODUCTS_DIR)/HypnoticSpiral.app/$(BUNDLE_EXECUTABLE_FOLDER_PATH)/HypnoticSpiral";
				XROS_DEPLOYMENT_TARGET = 26.2;
			};
			name = Debug;
		};
		2BF4E2442F0881DC002AFB9C /* Release */ = {
			isa = XCBuildConfiguration;
			buildSettings = {
				BUNDLE_LOADER = "$(TEST_HOST)";
				CODE_SIGN_STYLE = Automatic;
				CURRENT_PROJECT_VERSION = 1;
				GENERATE_INFOPLIST_FILE = YES;
				IPHONEOS_DEPLOYMENT_TARGET = 26.2;
				MACOSX_DEPLOYMENT_TARGET = 26.2;
				MARKETING_VERSION = 1.0;
				PRODUCT_BUNDLE_IDENTIFIER = org.arakoslav.HypnoticSpiralTests;
				PRODUCT_NAME = "$(TARGET_NAME)";
				SDKROOT = auto;
				STRING_CATALOG_GENERATE_SYMBOLS = NO;
				SUPPORTED_PLATFORMS = "iphoneos iphonesimulator macosx xros xrsimulator";
				SWIFT_APPROACHABLE_CONCURRENCY = YES;
				SWIFT_EMIT_LOC_STRINGS = NO;
				SWIFT_UPCOMING_FEATURE_MEMBER_IMPORT_VISIBILITY = YES;
				SWIFT_VERSION = 5.0;
				TARGETED_DEVICE_FAMILY = "1,2,7";
				TEST_HOST = "$(BUILT_PRODUCTS_DIR)/HypnoticSpiral.app/$(BUNDLE_EXECUTABLE_FOLDER_PATH)/HypnoticSpiral";
				XROS_DEPLOYMENT_TARGET = 26.2;
			};
			name = Release;
		};
		2BF4E2462F0881DC002AFB9C /* Debug */ = {
			isa = XCBuildConfiguration;
			buildSettings = {
				CODE_SIGN_STYLE = Automatic;
				CURRENT_PROJECT_VERSION = 1;
				GENERATE_INFOPLIST_FILE = YES;
				IPHONEOS_DEPLOYMENT_TARGET = 26.2;
				MACOSX_DEPLOYMENT_TARGET = 26.2;
				MARKETING_VERSION = 1.0;
				PRODUCT_BUNDLE_IDENTIFIER = org.arakoslav.HypnoticSpiralUITests;
				PRODUCT_NAME = "$(TARGET_NAME)";
				SDKROOT = auto;
				STRING_CATALOG_GENERATE_SYMBOLS = NO;
				SUPPORTED_PLATFORMS = "iphoneos iphonesimulator macosx xros xrsimulator";
				SWIFT_APPROACHABLE_CONCURRENCY = YES;
				SWIFT_EMIT_LOC_STRINGS = NO;
				SWIFT_UPCOMING_FEATURE_MEMBER_IMPORT_VISIBILITY = YES;
				SWIFT_VERSION = 5.0;
				TARGETED_DEVICE_FAMILY = "1,2,7";
				TEST_TARGET_NAME = HypnoticSpiral;
				XROS_DEPLOYMENT_TARGET = 26.2;
			};
			name = Debug;
		};
		2BF4E2472F0881DC002AFB9C /* Release */ = {
			isa = XCBuildConfiguration;
			buildSettings = {
				CODE_SIGN_STYLE = Automatic;
				CURRENT_PROJECT_VERSION = 1;
				GENERATE_INFOPLIST_FILE = YES;
				IPHONEOS_DEPLOYMENT_TARGET = 26.2;
				MACOSX_DEPLOYMENT_TARGET = 26.2;
				MARKETING_VERSION = 1.0;
				PRODUCT_BUNDLE_IDENTIFIER = org.arakoslav.HypnoticSpiralUITests;
				PRODUCT_NAME = "$(TARGET_NAME)";
				SDKROOT = auto;
				STRING_CATALOG_GENERATE_SYMBOLS = NO;
				SUPPORTED_PLATFORMS = "iphoneos iphonesimulator macosx xros xrsimulator";
				SWIFT_APPROACHABLE_CONCURRENCY = YES;
				SWIFT_EMIT_LOC_STRINGS = NO;
				SWIFT_UPCOMING_FEATURE_MEMBER_IMPORT_VISIBILITY = YES;
				SWIFT_VERSION = 5.0;
				TARGETED_DEVICE_FAMILY = "1,2,7";
				TEST_TARGET_NAME = HypnoticSpiral;
				XROS_DEPLOYMENT_TARGET = 26.2;
			};
			name = Release;
		};
/* End XCBuildConfiguration section */

/* Begin XCConfigurationList section */
		2BF4E2172F0881DA002AFB9C /* Build configuration list for PBXProject "HypnoticSpiral" */ = {
			isa = XCConfigurationList;
			buildConfigurations = (
				2BF4E23D2F0881DC002AFB9C /* Debug */,
				2BF4E23E2F0881DC002AFB9C /* Release */,
			);
			defaultConfigurationIsVisible = 0;
			defaultConfigurationName = Release;
		};
		2BF4E23F2F0881DC002AFB9C /* Build configuration list for PBXNativeTarget "Ensorcele" */ = {
			isa = XCConfigurationList;
			buildConfigurations = (
				2BF4E2402F0881DC002AFB9C /* Debug */,
				2BF4E2412F0881DC002AFB9C /* Release */,
			);
			defaultConfigurationIsVisible = 0;
			defaultConfigurationName = Release;
		};
		2BF4E2422F0881DC002AFB9C /* Build configuration list for PBXNativeTarget "HypnoticSpiralTests" */ = {
			isa = XCConfigurationList;
			buildConfigurations = (
				2BF4E2432F0881DC002AFB9C /* Debug */,
				2BF4E2442F0881DC002AFB9C /* Release */,
			);
			defaultConfigurationIsVisible = 0;
			defaultConfigurationName = Release;
		};
		2BF4E2452F0881DC002AFB9C /* Build configuration list for PBXNativeTarget "HypnoticSpiralUITests" */ = {
			isa = XCConfigurationList;
			buildConfigurations = (
				2BF4E2462F0881DC002AFB9C /* Debug */,
				2BF4E2472F0881DC002AFB9C /* Release */,
			);
			defaultConfigurationIsVisible = 0;
			defaultConfigurationName = Release;
		};
/* End XCConfigurationList section */
	};
	rootObject = 2BF4E2142F0881DA002AFB9C /* Project object */;
}
